
Microsoft Visual Studio Solution File, Format Version 12.00
# Visual Studio Version 16
VisualStudioVersion = 16.0.31702.278
MinimumVisualStudioVersion = 10.0.40219.1
Project("{FAE04EC0-301F-11D3-BF4B-00C04F79EFBC}") = "BTTH1.Android", "BTTH1\BTTH1.Android\BTTH1.Android.csproj", "{3A40D6D9-AD9F-487A-BE80-CD1A66836887}"
EndProject
Project("{FAE04EC0-301F-11D3-BF4B-00C04F79EFBC}") = "BTTH1.iOS", "BTTH1\BTTH1.iOS\BTTH1.iOS.csproj", "{661C4424-3A29-4773-B11F-128AFCB0C09A}"
EndProject
Project("{FAE04EC0-301F-11D3-BF4B-00C04F79EFBC}") = "BTTH1", "BTTH1\BTTH1\BTTH1.csproj", "{3013A958-E06A-4FCA-B077-9B27B06F52FF}"
EndProject
Global
	GlobalSection(SolutionConfigurationPlatforms) = preSolution
		Debug|Any CPU = Debug|Any CPU
		Debug|iPhone = Debug|iPhone
		Debug|iPhoneSimulator = Debug|iPhoneSimulator
		Release|Any CPU = Release|Any CPU
		Release|iPhone = Release|iPhone
		Release|iPhoneSimulator = Release|iPhoneSimulator
	EndGlobalSection
	GlobalSection(ProjectConfigurationPlatforms) = postSolution
		{3A40D6D9-AD9F-487A-BE80-CD1A66836887}.Debug|Any CPU.ActiveCfg = Debug|Any CPU
		{3A40D6D9-AD9F-487A-BE80-CD1A66836887}.Debug|Any CPU.Build.0 = Debug|Any CPU
		{3A40D6D9-AD9F-487A-BE80-CD1A66836887}.Debug|Any CPU.Deploy.0 = Debug|Any CPU
		{3A40D6D9-AD9F-487A-BE80-CD1A66836887}.Debug|iPhone.ActiveCfg = Debug|Any CPU
		{3A40D6D9-AD9F-487A-BE80-CD1A66836887}.Debug|iPhone.Build.0 = Debug|Any CPU
		{3A40D6D9-AD9F-487A-BE80-CD1A66836887}.Debug|iPhone.Deploy.0 = Debug|Any CPU
		{3A40D6D9-AD9F-487A-BE80-CD1A66836887}.Debug|iPhoneSimulator.ActiveCfg = Debug|Any CPU
		{3A40D6D9-AD9F-487A-BE80-CD1A66836887}.Debug|iPhoneSimulator.Build.0 = Debug|Any CPU
		{3A40D6D9-AD9F-487A-BE80-CD1A66836887}.Debug|iPhoneSimulator.Deploy.0 = Debug|Any CPU
		{3A40D6D9-AD9F-487A-BE80-CD1A66836887}.Release|Any CPU.ActiveCfg = Release|Any CPU
		{3A40D6D9-AD9F-487A-BE80-CD1A66836887}.Release|Any CPU.Build.0 = Release|Any CPU
		{3A40D6D9-AD9F-487A-BE80-CD1A66836887}.Release|Any CPU.Deploy.0 = Release|Any CPU
		{3A40D6D9-AD9F-487A-BE80-CD1A66836887}.Release|iPhone.ActiveCfg = Release|Any CPU
		{3A40D6D9-AD9F-487A-BE80-CD1A66836887}.Release|iPhone.Build.0 = Release|Any CPU
		{3A40D6D9-AD9F-487A-BE80-CD1A66836887}.Release|iPhone.Deploy.0 = Release|Any CPU
		{3A40D6D9-AD9F-487A-BE80-CD1A66836887}.Release|iPhoneSimulator.ActiveCfg = Release|Any CPU
		{3A40D6D9-AD9F-487A-BE80-CD1A66836887}.Release|iPhoneSimulator.Build.0 = Release|Any CPU
		{3A40D6D9-AD9F-487A-BE80-CD1A66836887}.Release|iPhoneSimulator.Deploy.0 = Release|Any CPU
		{661C4424-3A29-4773-B11F-128AFCB0C09A}.Debug|Any CPU.ActiveCfg = Debug|iPhone
		{661C4424-3A29-4773-B11F-128AFCB0C09A}.Debug|Any CPU.Build.0 = Debug|iPhone
		{661C4424-3A29-4773-B11F-128AFCB0C09A}.Debug|Any CPU.Deploy.0 = Debug|iPhone
		{661C4424-3A29-4773-B11F-128AFCB0C09A}.Debug|iPhone.ActiveCfg = Debug|iPhone
		{661C4424-3A29-4773-B11F-128AFCB0C09A}.Debug|iPhone.Build.0 = Debug|iPhone
		{661C4424-3A29-4773-B11F-128AFCB0C09A}.Debug|iPhone.Deploy.0 = Debug|iPhone
		{661C4424-3A29-4773-B11F-128AFCB0C09A}.Debug|iPhoneSimulator.ActiveCfg = Debug|iPhoneSimulator
		{661C4424-3A29-4773-B11F-128AFCB0C09A}.Debug|iPhoneSimulator.Build.0 = Debug|iPhoneSimulator
		{661C4424-3A29-4773-B11F-128AFCB0C09A}.Debug|iPhoneSimulator.Deploy.0 = Debug|iPhoneSimulator
		{661C4424-3A29-4773-B11F-128AFCB0C09A}.Release|Any CPU.ActiveCfg = Release|iPhoneSimulator
		{661C4424-3A29-4773-B11F-128AFCB0C09A}.Release|Any CPU.Build.0 = Release|iPhoneSimulator
		{661C4424-3A29-4773-B11F-128AFCB0C09A}.Release|Any CPU.Deploy.0 = Release|iPhoneSimulator
		{661C4424-3A29-4773-B11F-128AFCB0C09A}.Release|iPhone.ActiveCfg = Release|iPhone
		{661C4424-3A29-4773-B11F-128AFCB0C09A}.Release|iPhone.Build.0 = Release|iPhone
		{661C4424-3A29-4773-B11F-128AFCB0C09A}.Release|iPhone.Deploy.0 = Release|iPhone
		{661C4424-3A29-4773-B11F-128AFCB0C09A}.Release|iPhoneSimulator.ActiveCfg = Release|iPhoneSimulator
		{661C4424-3A29-4773-B11F-128AFCB0C09A}.Release|iPhoneSimulator.Build.0 = Release|iPhoneSimulator
		{661C4424-3A29-4773-B11F-128AFCB0C09A}.Release|iPhoneSimulator.Deploy.0 = Release|iPhoneSimulator
		{3013A958-E06A-4FCA-B077-9B27B06F52FF}.Debug|Any CPU.ActiveCfg = Debug|Any CPU
		{3013A958-E06A-4FCA-B077-9B27B06F52FF}.Debug|Any CPU.Build.0 = Debug|Any CPU
		{3013A958-E06A-4FCA-B077-9B27B06F52FF}.Debug|Any CPU.Deploy.0 = Debug|Any CPU
		{3013A958-E06A-4FCA-B077-9B27B06F52FF}.Debug|iPhone.ActiveCfg = Debug|Any CPU
		{3013A958-E06A-4FCA-B077-9B27B06F52FF}.Debug|iPhone.Build.0 = Debug|Any CPU
		{3013A958-E06A-4FCA-B077-9B27B06F52FF}.Debug|iPhone.Deploy.0 = Debug|Any CPU
		{3013A958-E06A-4FCA-B077-9B27B06F52FF}.Debug|iPhoneSimulator.ActiveCfg = Debug|Any CPU
		{3013A958-E06A-4FCA-B077-9B27B06F52FF}.Debug|iPhoneSimulator.Build.0 = Debug|Any CPU
		{3013A958-E06A-4FCA-B077-9B27B06F52FF}.Debug|iPhoneSimulator.Deploy.0 = Debug|Any CPU
		{3013A958-E06A-4FCA-B077-9B27B06F52FF}.Release|Any CPU.ActiveCfg = Release|Any CPU
		{3013A958-E06A-4FCA-B077-9B27B06F52FF}.Release|Any CPU.Build.0 = Release|Any CPU
		{3013A958-E06A-4FCA-B077-9B27B06F52FF}.Release|Any CPU.Deploy.0 = Release|Any CPU
		{3013A958-E06A-4FCA-B077-9B27B06F52FF}.Release|iPhone.ActiveCfg = Release|Any CPU
		{3013A958-E06A-4FCA-B077-9B27B06F52FF}.Release|iPhone.Build.0 = Release|Any CPU
		{3013A958-E06A-4FCA-B077-9B27B06F52FF}.Release|iPhone.Deploy.0 = Release|Any CPU
		{3013A958-E06A-4FCA-B077-9B27B06F52FF}.Release|iPhoneSimulator.ActiveCfg = Release|Any CPU
		{3013A958-E06A-4FCA-B077-9B27B06F52FF}.Release|iPhoneSimulator.Build.0 = Release|Any CPU
		{3013A958-E06A-4FCA-B077-9B27B06F52FF}.Release|iPhoneSimulator.Deploy.0 = Release|Any CPU
	EndGlobalSection
	GlobalSection(SolutionProperties) = preSolution
		HideSolutionNode = FALSE
	EndGlobalSection
	GlobalSection(ExtensibilityGlobals) = postSolution
		SolutionGuid = {63CB0AE4-0026-4B1E-B152-1C63A40F0A63}
	EndGlobalSection
EndGlobal
